
Microsoft Visual Studio Solution File, Format Version 12.00
# Visual Studio Version 16
VisualStudioVersion = 16.0.29230.47
MinimumVisualStudioVersion = 10.0.40219.1
Project("{FAE04EC0-301F-11D3-BF4B-00C04F79EFBC}") = "LINQIntro", "LINQIntro\LINQIntro.csproj", "{F2C531C0-B113-4802-A8F5-40D50FE71649}"
EndProject
Project("{9A19103F-16F7-4668-BE54-9A1E7A4F7556}") = "CSharpToSQLLibrary", "..\CSharpToSQL\CSharpToSQLLibrary\CSharpToSQLLibrary.csproj", "{FC312219-8932-4139-81E9-CDE403B17244}"
EndProject
Global
	GlobalSection(SolutionConfigurationPlatforms) = preSolution
		Debug|Any CPU = Debug|Any CPU
		Release|Any CPU = Release|Any CPU
	EndGlobalSection
	GlobalSection(ProjectConfigurationPlatforms) = postSolution
		{F2C531C0-B113-4802-A8F5-40D50FE71649}.Debug|Any CPU.ActiveCfg = Debug|Any CPU
		{F2C531C0-B113-4802-A8F5-40D50FE71649}.Debug|Any CPU.Build.0 = Debug|Any CPU
		{F2C531C0-B113-4802-A8F5-40D50FE71649}.Release|Any CPU.ActiveCfg = Release|Any CPU
		{F2C531C0-B113-4802-A8F5-40D50FE71649}.Release|Any CPU.Build.0 = Release|Any CPU
		{FC312219-8932-4139-81E9-CDE403B17244}.Debug|Any CPU.ActiveCfg = Debug|Any CPU
		{FC312219-8932-4139-81E9-CDE403B17244}.Debug|Any CPU.Build.0 = Debug|Any CPU
		{FC312219-8932-4139-81E9-CDE403B17244}.Release|Any CPU.ActiveCfg = Release|Any CPU
		{FC312219-8932-4139-81E9-CDE403B17244}.Release|Any CPU.Build.0 = Release|Any CPU
	EndGlobalSection
	GlobalSection(SolutionProperties) = preSolution
		HideSolutionNode = FALSE
	EndGlobalSection
	GlobalSection(ExtensibilityGlobals) = postSolution
		SolutionGuid = {FAC26693-BAB1-4122-8D4E-CEB91E665677}
	EndGlobalSection
EndGlobal
